
Microsoft Visual Studio Solution File, Format Version 12.00
# Visual Studio Version 17
VisualStudioVersion = 17.4.33110.190
MinimumVisualStudioVersion = 10.0.40219.1
Project("{FAE04EC0-301F-11D3-BF4B-00C04F79EFBC}") = "play", "play\play.csproj", "{2790824B-A587-4A42-BF7C-C2104BF69442}"
EndProject
Global
	GlobalSection(SolutionConfigurationPlatforms) = preSolution
		Debug|Any CPU = Debug|Any CPU
		Release|Any CPU = Release|Any CPU
	EndGlobalSection
	GlobalSection(ProjectConfigurationPlatforms) = postSolution
		{2790824B-A587-4A42-BF7C-C2104BF69442}.Debug|Any CPU.ActiveCfg = Debug|Any CPU
		{2790824B-A587-4A42-BF7C-C2104BF69442}.Debug|Any CPU.Build.0 = Debug|Any CPU
		{2790824B-A587-4A42-BF7C-C2104BF69442}.Release|Any CPU.ActiveCfg = Release|Any CPU
		{2790824B-A587-4A42-BF7C-C2104BF69442}.Release|Any CPU.Build.0 = Release|Any CPU
	EndGlobalSection
	GlobalSection(SolutionProperties) = preSolution
		HideSolutionNode = FALSE
	EndGlobalSection
	GlobalSection(ExtensibilityGlobals) = postSolution
		SolutionGuid = {FF9CBCD1-52C2-4EA4-9E56-C75BF68F66C8}
	EndGlobalSection
EndGlobal
